
Microsoft Visual Studio Solution File, Format Version 12.00
# Visual Studio Version 16
VisualStudioVersion = 16.0.30413.136
MinimumVisualStudioVersion = 10.0.40219.1
Project("{FAE04EC0-301F-11D3-BF4B-00C04F79EFBC}") = "ruap-lv2", "ruap-lv2\ruap-lv2.csproj", "{167289ED-8007-4357-B96E-91EDC204454A}"
EndProject
Global
	GlobalSection(SolutionConfigurationPlatforms) = preSolution
		Debug|Any CPU = Debug|Any CPU
		Release|Any CPU = Release|Any CPU
	EndGlobalSection
	GlobalSection(ProjectConfigurationPlatforms) = postSolution
		{167289ED-8007-4357-B96E-91EDC204454A}.Debug|Any CPU.ActiveCfg = Debug|Any CPU
		{167289ED-8007-4357-B96E-91EDC204454A}.Debug|Any CPU.Build.0 = Debug|Any CPU
		{167289ED-8007-4357-B96E-91EDC204454A}.Release|Any CPU.ActiveCfg = Release|Any CPU
		{167289ED-8007-4357-B96E-91EDC204454A}.Release|Any CPU.Build.0 = Release|Any CPU
	EndGlobalSection
	GlobalSection(SolutionProperties) = preSolution
		HideSolutionNode = FALSE
	EndGlobalSection
	GlobalSection(ExtensibilityGlobals) = postSolution
		SolutionGuid = {C1E179ED-29BD-4669-B88C-9AF553E23CCF}
	EndGlobalSection
EndGlobal
